
Microsoft Visual Studio Solution File, Format Version 12.00
# Visual Studio Version 17
VisualStudioVersion = 17.4.33213.308
MinimumVisualStudioVersion = 10.0.40219.1
Project("{FAE04EC0-301F-11D3-BF4B-00C04F79EFBC}") = "Vidly", "Vidly\Vidly.csproj", "{80DAEEDA-73AE-490C-A49E-FD0C84E34072}"
EndProject
Global
	GlobalSection(SolutionConfigurationPlatforms) = preSolution
		Debug|Any CPU = Debug|Any CPU
		Release|Any CPU = Release|Any CPU
	EndGlobalSection
	GlobalSection(ProjectConfigurationPlatforms) = postSolution
		{80DAEEDA-73AE-490C-A49E-FD0C84E34072}.Debug|Any CPU.ActiveCfg = Debug|Any CPU
		{80DAEEDA-73AE-490C-A49E-FD0C84E34072}.Debug|Any CPU.Build.0 = Debug|Any CPU
		{80DAEEDA-73AE-490C-A49E-FD0C84E34072}.Release|Any CPU.ActiveCfg = Release|Any CPU
		{80DAEEDA-73AE-490C-A49E-FD0C84E34072}.Release|Any CPU.Build.0 = Release|Any CPU
	EndGlobalSection
	GlobalSection(SolutionProperties) = preSolution
		HideSolutionNode = FALSE
	EndGlobalSection
	GlobalSection(ExtensibilityGlobals) = postSolution
		SolutionGuid = {0507AAEC-C5E9-49E2-8609-5F64938475F0}
	EndGlobalSection
EndGlobal
